
Microsoft Visual Studio Solution File, Format Version 12.00
# Visual Studio Version 17
VisualStudioVersion = 17.0.32014.148
MinimumVisualStudioVersion = 10.0.40219.1
Project("{FAE04EC0-301F-11D3-BF4B-00C04F79EFBC}") = "DependenciaServicios.Android", "DependenciaServicios\DependenciaServicios.Android\DependenciaServicios.Android.csproj", "{21A46844-5E31-4F3B-9097-755F1635D23F}"
EndProject
Project("{FAE04EC0-301F-11D3-BF4B-00C04F79EFBC}") = "DependenciaServicios.iOS", "DependenciaServicios\DependenciaServicios.iOS\DependenciaServicios.iOS.csproj", "{31BAC6C1-CF72-41D4-8D2C-2814FB3DA484}"
EndProject
Project("{FAE04EC0-301F-11D3-BF4B-00C04F79EFBC}") = "DependenciaServicios", "DependenciaServicios\DependenciaServicios\DependenciaServicios.csproj", "{372ED75D-94FA-4313-B34B-508CBC782A4B}"
EndProject
Global
	GlobalSection(SolutionConfigurationPlatforms) = preSolution
		Debug|Any CPU = Debug|Any CPU
		Debug|iPhone = Debug|iPhone
		Debug|iPhoneSimulator = Debug|iPhoneSimulator
		Release|Any CPU = Release|Any CPU
		Release|iPhone = Release|iPhone
		Release|iPhoneSimulator = Release|iPhoneSimulator
	EndGlobalSection
	GlobalSection(ProjectConfigurationPlatforms) = postSolution
		{21A46844-5E31-4F3B-9097-755F1635D23F}.Debug|Any CPU.ActiveCfg = Debug|Any CPU
		{21A46844-5E31-4F3B-9097-755F1635D23F}.Debug|Any CPU.Build.0 = Debug|Any CPU
		{21A46844-5E31-4F3B-9097-755F1635D23F}.Debug|Any CPU.Deploy.0 = Debug|Any CPU
		{21A46844-5E31-4F3B-9097-755F1635D23F}.Debug|iPhone.ActiveCfg = Debug|Any CPU
		{21A46844-5E31-4F3B-9097-755F1635D23F}.Debug|iPhone.Build.0 = Debug|Any CPU
		{21A46844-5E31-4F3B-9097-755F1635D23F}.Debug|iPhone.Deploy.0 = Debug|Any CPU
		{21A46844-5E31-4F3B-9097-755F1635D23F}.Debug|iPhoneSimulator.ActiveCfg = Debug|Any CPU
		{21A46844-5E31-4F3B-9097-755F1635D23F}.Debug|iPhoneSimulator.Build.0 = Debug|Any CPU
		{21A46844-5E31-4F3B-9097-755F1635D23F}.Debug|iPhoneSimulator.Deploy.0 = Debug|Any CPU
		{21A46844-5E31-4F3B-9097-755F1635D23F}.Release|Any CPU.ActiveCfg = Release|Any CPU
		{21A46844-5E31-4F3B-9097-755F1635D23F}.Release|Any CPU.Build.0 = Release|Any CPU
		{21A46844-5E31-4F3B-9097-755F1635D23F}.Release|Any CPU.Deploy.0 = Release|Any CPU
		{21A46844-5E31-4F3B-9097-755F1635D23F}.Release|iPhone.ActiveCfg = Release|Any CPU
		{21A46844-5E31-4F3B-9097-755F1635D23F}.Release|iPhone.Build.0 = Release|Any CPU
		{21A46844-5E31-4F3B-9097-755F1635D23F}.Release|iPhone.Deploy.0 = Release|Any CPU
		{21A46844-5E31-4F3B-9097-755F1635D23F}.Release|iPhoneSimulator.ActiveCfg = Release|Any CPU
		{21A46844-5E31-4F3B-9097-755F1635D23F}.Release|iPhoneSimulator.Build.0 = Release|Any CPU
		{21A46844-5E31-4F3B-9097-755F1635D23F}.Release|iPhoneSimulator.Deploy.0 = Release|Any CPU
		{31BAC6C1-CF72-41D4-8D2C-2814FB3DA484}.Debug|Any CPU.ActiveCfg = Debug|iPhone
		{31BAC6C1-CF72-41D4-8D2C-2814FB3DA484}.Debug|Any CPU.Build.0 = Debug|iPhone
		{31BAC6C1-CF72-41D4-8D2C-2814FB3DA484}.Debug|Any CPU.Deploy.0 = Debug|iPhone
		{31BAC6C1-CF72-41D4-8D2C-2814FB3DA484}.Debug|iPhone.ActiveCfg = Debug|iPhone
		{31BAC6C1-CF72-41D4-8D2C-2814FB3DA484}.Debug|iPhone.Build.0 = Debug|iPhone
		{31BAC6C1-CF72-41D4-8D2C-2814FB3DA484}.Debug|iPhone.Deploy.0 = Debug|iPhone
		{31BAC6C1-CF72-41D4-8D2C-2814FB3DA484}.Debug|iPhoneSimulator.ActiveCfg = Debug|iPhoneSimulator
		{31BAC6C1-CF72-41D4-8D2C-2814FB3DA484}.Debug|iPhoneSimulator.Build.0 = Debug|iPhoneSimulator
		{31BAC6C1-CF72-41D4-8D2C-2814FB3DA484}.Debug|iPhoneSimulator.Deploy.0 = Debug|iPhoneSimulator
		{31BAC6C1-CF72-41D4-8D2C-2814FB3DA484}.Release|Any CPU.ActiveCfg = Release|iPhoneSimulator
		{31BAC6C1-CF72-41D4-8D2C-2814FB3DA484}.Release|Any CPU.Build.0 = Release|iPhoneSimulator
		{31BAC6C1-CF72-41D4-8D2C-2814FB3DA484}.Release|Any CPU.Deploy.0 = Release|iPhoneSimulator
		{31BAC6C1-CF72-41D4-8D2C-2814FB3DA484}.Release|iPhone.ActiveCfg = Release|iPhone
		{31BAC6C1-CF72-41D4-8D2C-2814FB3DA484}.Release|iPhone.Build.0 = Release|iPhone
		{31BAC6C1-CF72-41D4-8D2C-2814FB3DA484}.Release|iPhone.Deploy.0 = Release|iPhone
		{31BAC6C1-CF72-41D4-8D2C-2814FB3DA484}.Release|iPhoneSimulator.ActiveCfg = Release|iPhoneSimulator
		{31BAC6C1-CF72-41D4-8D2C-2814FB3DA484}.Release|iPhoneSimulator.Build.0 = Release|iPhoneSimulator
		{31BAC6C1-CF72-41D4-8D2C-2814FB3DA484}.Release|iPhoneSimulator.Deploy.0 = Release|iPhoneSimulator
		{372ED75D-94FA-4313-B34B-508CBC782A4B}.Debug|Any CPU.ActiveCfg = Debug|Any CPU
		{372ED75D-94FA-4313-B34B-508CBC782A4B}.Debug|Any CPU.Build.0 = Debug|Any CPU
		{372ED75D-94FA-4313-B34B-508CBC782A4B}.Debug|Any CPU.Deploy.0 = Debug|Any CPU
		{372ED75D-94FA-4313-B34B-508CBC782A4B}.Debug|iPhone.ActiveCfg = Debug|Any CPU
		{372ED75D-94FA-4313-B34B-508CBC782A4B}.Debug|iPhone.Build.0 = Debug|Any CPU
		{372ED75D-94FA-4313-B34B-508CBC782A4B}.Debug|iPhone.Deploy.0 = Debug|Any CPU
		{372ED75D-94FA-4313-B34B-508CBC782A4B}.Debug|iPhoneSimulator.ActiveCfg = Debug|Any CPU
		{372ED75D-94FA-4313-B34B-508CBC782A4B}.Debug|iPhoneSimulator.Build.0 = Debug|Any CPU
		{372ED75D-94FA-4313-B34B-508CBC782A4B}.Debug|iPhoneSimulator.Deploy.0 = Debug|Any CPU
		{372ED75D-94FA-4313-B34B-508CBC782A4B}.Release|Any CPU.ActiveCfg = Release|Any CPU
		{372ED75D-94FA-4313-B34B-508CBC782A4B}.Release|Any CPU.Build.0 = Release|Any CPU
		{372ED75D-94FA-4313-B34B-508CBC782A4B}.Release|Any CPU.Deploy.0 = Release|Any CPU
		{372ED75D-94FA-4313-B34B-508CBC782A4B}.Release|iPhone.ActiveCfg = Release|Any CPU
		{372ED75D-94FA-4313-B34B-508CBC782A4B}.Release|iPhone.Build.0 = Release|Any CPU
		{372ED75D-94FA-4313-B34B-508CBC782A4B}.Release|iPhone.Deploy.0 = Release|Any CPU
		{372ED75D-94FA-4313-B34B-508CBC782A4B}.Release|iPhoneSimulator.ActiveCfg = Release|Any CPU
		{372ED75D-94FA-4313-B34B-508CBC782A4B}.Release|iPhoneSimulator.Build.0 = Release|Any CPU
		{372ED75D-94FA-4313-B34B-508CBC782A4B}.Release|iPhoneSimulator.Deploy.0 = Release|Any CPU
	EndGlobalSection
	GlobalSection(SolutionProperties) = preSolution
		HideSolutionNode = FALSE
	EndGlobalSection
	GlobalSection(ExtensibilityGlobals) = postSolution
		SolutionGuid = {947E0506-3770-47A4-8690-95047372253D}
	EndGlobalSection
EndGlobal
